
Microsoft Visual Studio Solution File, Format Version 12.00
# Visual Studio Version 16
VisualStudioVersion = 16.0.35130.168
MinimumVisualStudioVersion = 10.0.40219.1
Project("{8BC9CEB8-8B4A-11D0-8D11-00A0C91BC942}") = "计算车辆运行时间", "计算车辆运行时间.vcxproj", "{5052D088-CEBF-4E5B-BFBD-C638FEBDE98A}"
EndProject
Global
	GlobalSection(SolutionConfigurationPlatforms) = preSolution
		Debug|x64 = Debug|x64
		Debug|x86 = Debug|x86
		Release|x64 = Release|x64
		Release|x86 = Release|x86
	EndGlobalSection
	GlobalSection(ProjectConfigurationPlatforms) = postSolution
		{5052D088-CEBF-4E5B-BFBD-C638FEBDE98A}.Debug|x64.ActiveCfg = Debug|x64
		{5052D088-CEBF-4E5B-BFBD-C638FEBDE98A}.Debug|x64.Build.0 = Debug|x64
		{5052D088-CEBF-4E5B-BFBD-C638FEBDE98A}.Debug|x86.ActiveCfg = Debug|Win32
		{5052D088-CEBF-4E5B-BFBD-C638FEBDE98A}.Debug|x86.Build.0 = Debug|Win32
		{5052D088-CEBF-4E5B-BFBD-C638FEBDE98A}.Release|x64.ActiveCfg = Release|x64
		{5052D088-CEBF-4E5B-BFBD-C638FEBDE98A}.Release|x64.Build.0 = Release|x64
		{5052D088-CEBF-4E5B-BFBD-C638FEBDE98A}.Release|x86.ActiveCfg = Release|Win32
		{5052D088-CEBF-4E5B-BFBD-C638FEBDE98A}.Release|x86.Build.0 = Release|Win32
	EndGlobalSection
	GlobalSection(SolutionProperties) = preSolution
		HideSolutionNode = FALSE
	EndGlobalSection
	GlobalSection(ExtensibilityGlobals) = postSolution
		SolutionGuid = {889EE260-498C-4E6D-B844-D4BD44CDE049}
	EndGlobalSection
EndGlobal
