
Microsoft Visual Studio Solution File, Format Version 12.00
# Visual Studio Version 16
VisualStudioVersion = 16.0.35130.168
MinimumVisualStudioVersion = 10.0.40219.1
Project("{8BC9CEB8-8B4A-11D0-8D11-00A0C91BC942}") = "test10.30", "test10.30.vcxproj", "{4FE6799C-BEFC-4329-B75B-916D8111081E}"
EndProject
Global
	GlobalSection(SolutionConfigurationPlatforms) = preSolution
		Debug|x64 = Debug|x64
		Debug|x86 = Debug|x86
		Release|x64 = Release|x64
		Release|x86 = Release|x86
	EndGlobalSection
	GlobalSection(ProjectConfigurationPlatforms) = postSolution
		{4FE6799C-BEFC-4329-B75B-916D8111081E}.Debug|x64.ActiveCfg = Debug|x64
		{4FE6799C-BEFC-4329-B75B-916D8111081E}.Debug|x64.Build.0 = Debug|x64
		{4FE6799C-BEFC-4329-B75B-916D8111081E}.Debug|x86.ActiveCfg = Debug|Win32
		{4FE6799C-BEFC-4329-B75B-916D8111081E}.Debug|x86.Build.0 = Debug|Win32
		{4FE6799C-BEFC-4329-B75B-916D8111081E}.Release|x64.ActiveCfg = Release|x64
		{4FE6799C-BEFC-4329-B75B-916D8111081E}.Release|x64.Build.0 = Release|x64
		{4FE6799C-BEFC-4329-B75B-916D8111081E}.Release|x86.ActiveCfg = Release|Win32
		{4FE6799C-BEFC-4329-B75B-916D8111081E}.Release|x86.Build.0 = Release|Win32
	EndGlobalSection
	GlobalSection(SolutionProperties) = preSolution
		HideSolutionNode = FALSE
	EndGlobalSection
	GlobalSection(ExtensibilityGlobals) = postSolution
		SolutionGuid = {D94359BD-131F-4769-9A79-52400E466BA0}
	EndGlobalSection
EndGlobal
